{
  "name": "Dolphin",
  "lockfileVersion": 3,
  "requires": true,
  "packages": {
    "": {
      "dependencies": {
        "@primevue/forms": "^4.3.7",
        "crypto-js": "^4.2.0",
        "primevue": "^4.3.7"
      }
    },
    "node_modules/@primeuix/forms": {
      "version": "0.1.0",
      "resolved": "https://registry.npmjs.org/@primeuix/forms/-/forms-0.1.0.tgz",
      "integrity": "sha512-LctcQidb+B5PuvAFWH24YH/SIzmHlOabLHpaTeGY/k51iBv1WyCp+5w9JMYuMB/BplSvV0ZGySxQVkN5Azr/aQ==",
      "license": "MIT",
      "dependencies": {
        "@primeuix/utils": "^0.6.0"
      },
      "engines": {
        "node": ">=12.11.0"
      }
    },
    "node_modules/@primeuix/styled": {
      "version": "0.7.2",
      "resolved": "https://registry.npmjs.org/@primeuix/styled/-/styled-0.7.2.tgz",
      "integrity": "sha512-tIJ6byZezTYZ9YUICNSidQHOIQOQL3zeUgjwiX0JnBTK3+WCvy4DyCBcrJ94RtiX0WGFZSYNvaGaFkTo4jU8FQ==",
      "license": "MIT",
      "dependencies": {
        "@primeuix/utils": "^0.6.1"
      },
      "engines": {
        "node": ">=12.11.0"
      }
    },
    "node_modules/@primeuix/styles": {
      "version": "1.2.3",
      "resolved": "https://registry.npmjs.org/@primeuix/styles/-/styles-1.2.3.tgz",
      "integrity": "sha512-+KwmQsLTYgVAqFADmO252btz40lstPML6r4QMNjxz4gLNCKVW3kPR0/aCouQx6/21+boXG1P68tu8Zk3FAKr2w==",
      "license": "MIT",
      "dependencies": {
        "@primeuix/styled": "^0.7.2"
      }
    },
    "node_modules/@primeuix/utils": {
      "version": "0.6.1",
      "resolved": "https://registry.npmjs.org/@primeuix/utils/-/utils-0.6.1.tgz",
      "integrity": "sha512-tQL/ZOPgCdD+NTimlUmhyD0ey8J1XmpZE4hDHM+/fnuBicVVmlKOd5HpS748LcOVRUKbWjmEPdHX4hi5XZoC1Q==",
      "license": "MIT",
      "engines": {
        "node": ">=12.11.0"
      }
    },
    "node_modules/@primevue/core": {
      "version": "4.3.7",
      "resolved": "https://registry.npmjs.org/@primevue/core/-/core-4.3.7.tgz",
      "integrity": "sha512-rYmEZTKs/C2Re+xFluY9R02+n4TcyJshooPPOG6zc23v/bmhrfcqCiS5gNiuXF/lYoOh4y8VTcHF6eZCZW724Q==",
      "license": "MIT",
      "dependencies": {
        "@primeuix/styled": "^0.7.2",
        "@primeuix/utils": "^0.6.1"
      },
      "engines": {
        "node": ">=12.11.0"
      },
      "peerDependencies": {
        "vue": "^3.5.0"
      }
    },
    "node_modules/@primevue/forms": {
      "version": "4.3.7",
      "resolved": "https://registry.npmjs.org/@primevue/forms/-/forms-4.3.7.tgz",
      "integrity": "sha512-Hk52vSDZskMqJlwBiKmfjYtUL3lvTs4C4456OV7CeI++8ah094kuwlJsOulgAeYw9P2hzCoOrnMS4SoL3F3j6w==",
      "license": "MIT",
      "dependencies": {
        "@primeuix/forms": "^0.1.0",
        "@primeuix/utils": "^0.6.1",
        "@primevue/core": "4.3.7"
      },
      "engines": {
        "node": ">=12.11.0"
      }
    },
    "node_modules/@primevue/icons": {
      "version": "4.3.7",
      "resolved": "https://registry.npmjs.org/@primevue/icons/-/icons-4.3.7.tgz",
      "integrity": "sha512-CKiOeiJzNSbELwbQdrgWHgmfcAmjNQXqRZtBGb8sUPrB8hjWf9lYMBAbcAuqJbyLFFcC0lFiB80CfBR07FNSHw==",
      "license": "MIT",
      "dependencies": {
        "@primeuix/utils": "^0.6.1",
        "@primevue/core": "4.3.7"
      },
      "engines": {
        "node": ">=12.11.0"
      }
    },
    "node_modules/crypto-js": {
      "version": "4.2.0",
      "resolved": "https://registry.npmjs.org/crypto-js/-/crypto-js-4.2.0.tgz",
      "integrity": "sha512-KALDyEYgpY+Rlob/iriUtjV6d5Eq+Y191A5g4UqLAi8CyGP9N1+FdVbkc1SxKc2r4YAYqG8JzO2KGL+AizD70Q==",
      "license": "MIT"
    },
    "node_modules/primevue": {
      "version": "4.3.7",
      "resolved": "https://registry.npmjs.org/primevue/-/primevue-4.3.7.tgz",
      "integrity": "sha512-yyknh2kFjSGwRyxqmUUWy/pY4FK1vxoonGH3eQdtd8k/sGl5JpSQ2f0tXpR79lV6dcGf3FZPL1B5JNR11zJfmg==",
      "license": "MIT",
      "dependencies": {
        "@primeuix/styled": "^0.7.2",
        "@primeuix/styles": "^1.2.3",
        "@primeuix/utils": "^0.6.1",
        "@primevue/core": "4.3.7",
        "@primevue/icons": "4.3.7"
      },
      "engines": {
        "node": ">=12.11.0"
      }
    }
  }
}
