{
  "name": "Dolphin",
  "lockfileVersion": 3,
  "requires": true,
  "packages": {
    "": {
      "dependencies": {
        "@tinymce/tinymce-vue": "^4.0.7",
        "tinymce": "^8.0.2"
      }
    },
    "node_modules/@tinymce/tinymce-vue": {
      "version": "4.0.7",
      "resolved": "https://registry.npmjs.org/@tinymce/tinymce-vue/-/tinymce-vue-4.0.7.tgz",
      "integrity": "sha512-1esB8wGWrjPCY+rK8vy3QB1cxwXo7HLJWuNrcyPl6LOVR+QJjub0OiV/C+TUEsLN6OpCtRv+QnIqMC5vXz783Q==",
      "license": "Apache-2.0",
      "dependencies": {
        "tinymce": "^5.5.0"
      },
      "peerDependencies": {
        "vue": "^3.0.0"
      }
    },
    "node_modules/@tinymce/tinymce-vue/node_modules/tinymce": {
      "version": "5.10.9",
      "resolved": "https://registry.npmjs.org/tinymce/-/tinymce-5.10.9.tgz",
      "integrity": "sha512-5bkrors87X9LhYX2xq8GgPHrIgJYHl87YNs+kBcjQ5I3CiUgzo/vFcGvT3MZQ9QHsEeYMhYO6a5CLGGffR8hMg==",
      "license": "LGPL-2.1"
    },
    "node_modules/tinymce": {
      "version": "8.0.2",
      "resolved": "https://registry.npmjs.org/tinymce/-/tinymce-8.0.2.tgz",
      "integrity": "sha512-Gkvn5mRcZCAK1EKP7hnk3VBzwqPbqpZU2AN0T08BMtvmY9Sg0C0ZqmMghJCQ3vgo+LWA38pDOPiaM8EW7BZEow==",
      "license": "GPL-2.0-or-later"
    }
  }
}
